
Microsoft Visual Studio Solution File, Format Version 12.00
# Visual Studio Version 16
VisualStudioVersion = 16.0.32428.217
MinimumVisualStudioVersion = 10.0.40219.1
Project("{9A19103F-16F7-4668-BE54-9A1E7A4F7556}") = "TCNumberInquiry.API", "TCNumberInquiry.API\TCNumberInquiry.API.csproj", "{5B312203-98A2-4C3F-A100-6676C3C14F17}"
EndProject
Project("{9A19103F-16F7-4668-BE54-9A1E7A4F7556}") = "TCNumberInquiry.Module", "TCNumberInquiry.Manager\TCNumberInquiry.Module.csproj", "{3ACC68F2-91C1-4B49-8438-31FAD5A8E7E4}"
EndProject
Project("{9A19103F-16F7-4668-BE54-9A1E7A4F7556}") = "TCNumberInquiry.Core", "TCNumberInquiry.Core\TCNumberInquiry.Core.csproj", "{BBFF179B-02FF-462B-8929-A8541BE70A8A}"
EndProject
Project("{FAE04EC0-301F-11D3-BF4B-00C04F79EFBC}") = "TCNumberInquiry.Web", "TCNumberInquiry.Web\TCNumberInquiry.Web.csproj", "{6028150E-2458-4F29-9BC9-D257B197FB4E}"
EndProject
Global
	GlobalSection(SolutionConfigurationPlatforms) = preSolution
		Debug|Any CPU = Debug|Any CPU
		Release|Any CPU = Release|Any CPU
	EndGlobalSection
	GlobalSection(ProjectConfigurationPlatforms) = postSolution
		{5B312203-98A2-4C3F-A100-6676C3C14F17}.Debug|Any CPU.ActiveCfg = Debug|Any CPU
		{5B312203-98A2-4C3F-A100-6676C3C14F17}.Debug|Any CPU.Build.0 = Debug|Any CPU
		{5B312203-98A2-4C3F-A100-6676C3C14F17}.Release|Any CPU.ActiveCfg = Release|Any CPU
		{5B312203-98A2-4C3F-A100-6676C3C14F17}.Release|Any CPU.Build.0 = Release|Any CPU
		{3ACC68F2-91C1-4B49-8438-31FAD5A8E7E4}.Debug|Any CPU.ActiveCfg = Debug|Any CPU
		{3ACC68F2-91C1-4B49-8438-31FAD5A8E7E4}.Debug|Any CPU.Build.0 = Debug|Any CPU
		{3ACC68F2-91C1-4B49-8438-31FAD5A8E7E4}.Release|Any CPU.ActiveCfg = Release|Any CPU
		{3ACC68F2-91C1-4B49-8438-31FAD5A8E7E4}.Release|Any CPU.Build.0 = Release|Any CPU
		{BBFF179B-02FF-462B-8929-A8541BE70A8A}.Debug|Any CPU.ActiveCfg = Debug|Any CPU
		{BBFF179B-02FF-462B-8929-A8541BE70A8A}.Debug|Any CPU.Build.0 = Debug|Any CPU
		{BBFF179B-02FF-462B-8929-A8541BE70A8A}.Release|Any CPU.ActiveCfg = Release|Any CPU
		{BBFF179B-02FF-462B-8929-A8541BE70A8A}.Release|Any CPU.Build.0 = Release|Any CPU
		{6028150E-2458-4F29-9BC9-D257B197FB4E}.Debug|Any CPU.ActiveCfg = Debug|Any CPU
		{6028150E-2458-4F29-9BC9-D257B197FB4E}.Debug|Any CPU.Build.0 = Debug|Any CPU
		{6028150E-2458-4F29-9BC9-D257B197FB4E}.Release|Any CPU.ActiveCfg = Release|Any CPU
		{6028150E-2458-4F29-9BC9-D257B197FB4E}.Release|Any CPU.Build.0 = Release|Any CPU
	EndGlobalSection
	GlobalSection(SolutionProperties) = preSolution
		HideSolutionNode = FALSE
	EndGlobalSection
	GlobalSection(ExtensibilityGlobals) = postSolution
		SolutionGuid = {80E9E97A-CF76-4EEC-8FBB-FDEB8B1203B3}
	EndGlobalSection
EndGlobal
